{
    "version": 3,
    "terraform_version": "0.11.13",
    "serial": 27,
    "lineage": "7ecbb28b-faa6-6a5c-3fb0-f3979c982733",
    "modules": [
        {
            "path": [
                "root"
            ],
            "outputs": {},
            "resources": {
                "aws_instance.my-ec2": {
                    "type": "aws_instance",
                    "depends_on": [
                        "aws_key_pair.mykeypair",
                        "aws_security_group.allow-http",
                        "aws_security_group.allow-ssh",
                        "aws_subnet.my-public-subnet"
                    ],
                    "primary": {
                        "id": "i-0a80e81680fda0cd1",
                        "attributes": {
                            "ami": "ami-0a313d6098716f372",
                            "arn": "arn:aws:ec2:us-east-1:762215752244:instance/i-0a80e81680fda0cd1",
                            "associate_public_ip_address": "true",
                            "availability_zone": "us-east-1a",
                            "cpu_core_count": "1",
                            "cpu_threads_per_core": "1",
                            "credit_specification.#": "1",
                            "credit_specification.0.cpu_credits": "standard",
                            "disable_api_termination": "false",
                            "ebs_block_device.#": "0",
                            "ebs_optimized": "false",
                            "ephemeral_block_device.#": "0",
                            "get_password_data": "false",
                            "iam_instance_profile": "",
                            "id": "i-0a80e81680fda0cd1",
                            "instance_state": "running",
                            "instance_type": "t2.micro",
                            "ipv6_addresses.#": "0",
                            "key_name": "terraform-20190321014755353700000001",
                            "monitoring": "false",
                            "network_interface.#": "0",
                            "password_data": "",
                            "placement_group": "",
                            "primary_network_interface_id": "eni-033b0b2fba039696a",
                            "private_dns": "ip-10-0-1-227.ec2.internal",
                            "private_ip": "10.0.1.227",
                            "public_dns": "ec2-100-26-148-8.compute-1.amazonaws.com",
                            "public_ip": "100.26.148.8",
                            "root_block_device.#": "1",
                            "root_block_device.0.delete_on_termination": "true",
                            "root_block_device.0.iops": "100",
                            "root_block_device.0.volume_id": "vol-0ca5bae49a92dd4c6",
                            "root_block_device.0.volume_size": "8",
                            "root_block_device.0.volume_type": "gp2",
                            "security_groups.#": "0",
                            "source_dest_check": "true",
                            "subnet_id": "subnet-04e9ac6b4c29e8190",
                            "tags.%": "1",
                            "tags.creted_by": "terraform",
                            "tenancy": "default",
                            "volume_tags.%": "0",
                            "vpc_security_group_ids.#": "2",
                            "vpc_security_group_ids.1750589662": "sg-0d35a334785c7dcdd",
                            "vpc_security_group_ids.777429078": "sg-039fa0190d53ac2bf"
                        },
                        "meta": {
                            "e2bfb730-ecaa-11e6-8f88-34363bc7c4c0": {
                                "create": 600000000000,
                                "delete": 1200000000000,
                                "update": 600000000000
                            },
                            "schema_version": "1"
                        },
                        "tainted": false
                    },
                    "deposed": [],
                    "provider": "provider.aws"
                },
                "aws_internet_gateway.my-igw": {
                    "type": "aws_internet_gateway",
                    "depends_on": [
                        "aws_vpc.my-vpc"
                    ],
                    "primary": {
                        "id": "igw-0558c806a60768465",
                        "attributes": {
                            "id": "igw-0558c806a60768465",
                            "owner_id": "762215752244",
                            "tags.%": "0",
                            "vpc_id": "vpc-0b632be1e47deb767"
                        },
                        "meta": {},
                        "tainted": false
                    },
                    "deposed": [],
                    "provider": "provider.aws"
                },
                "aws_key_pair.mykeypair": {
                    "type": "aws_key_pair",
                    "depends_on": [],
                    "primary": {
                        "id": "terraform-20190321014755353700000001",
                        "attributes": {
                            "fingerprint": "d8:92:9f:bc:80:9c:aa:95:4d:a0:d4:91:35:e0:f9:b9",
                            "id": "terraform-20190321014755353700000001",
                            "key_name": "terraform-20190321014755353700000001",
                            "public_key": "ssh-rsa AAAAB3NzaC1yc2EAAAADAQABAAABAQC5yl1HZepo+ktvdLrGSNl8ykt+sLTA0z2t9EzwgNUW1b3h8DuwLTfPK8jA3KElFHEnrUrGMWy/rwv8JMMxik2fPDgXUM9gc30TaOcDTF7q4nck7mI/IPIdGGCYbDVYRhDvk26OXAJFam99iqQk9nrAH0qQEb9ksZHwiPjocvp7Cbdr0oBiNVHkrpb3IcHmec5DoTiPZZXPTaw3VX3mxEiocH2cTOceweoIBjyShVTzktonISBkaBJ5lJMBb19/cG6BlL+FpL/arQyYEL3iq3kP6i+iKc/h+7cOp45weU8tVgPvmbrZGa31JL47mnYWTILWrOJUJ/bZx6kp7VD4B12N RRK0728@DFW42RRK082721.frontiernet.net"
                        },
                        "meta": {
                            "schema_version": "1"
                        },
                        "tainted": false
                    },
                    "deposed": [],
                    "provider": "provider.aws"
                },
                "aws_route_table.my-public-route-table": {
                    "type": "aws_route_table",
                    "depends_on": [
                        "aws_internet_gateway.my-igw",
                        "aws_vpc.my-vpc"
                    ],
                    "primary": {
                        "id": "rtb-0f67826f21644d38b",
                        "attributes": {
                            "id": "rtb-0f67826f21644d38b",
                            "owner_id": "762215752244",
                            "propagating_vgws.#": "0",
                            "route.#": "1",
                            "route.1202589618.cidr_block": "0.0.0.0/0",
                            "route.1202589618.egress_only_gateway_id": "",
                            "route.1202589618.gateway_id": "igw-0558c806a60768465",
                            "route.1202589618.instance_id": "",
                            "route.1202589618.ipv6_cidr_block": "",
                            "route.1202589618.nat_gateway_id": "",
                            "route.1202589618.network_interface_id": "",
                            "route.1202589618.transit_gateway_id": "",
                            "route.1202589618.vpc_peering_connection_id": "",
                            "tags.%": "0",
                            "vpc_id": "vpc-0b632be1e47deb767"
                        },
                        "meta": {},
                        "tainted": false
                    },
                    "deposed": [],
                    "provider": "provider.aws"
                },
                "aws_route_table_association.my-public-route-table-association": {
                    "type": "aws_route_table_association",
                    "depends_on": [
                        "aws_route_table.my-public-route-table",
                        "aws_subnet.my-public-subnet"
                    ],
                    "primary": {
                        "id": "rtbassoc-0cce4b1595071558a",
                        "attributes": {
                            "id": "rtbassoc-0cce4b1595071558a",
                            "route_table_id": "rtb-0f67826f21644d38b",
                            "subnet_id": "subnet-04e9ac6b4c29e8190"
                        },
                        "meta": {},
                        "tainted": false
                    },
                    "deposed": [],
                    "provider": "provider.aws"
                },
                "aws_security_group.allow-http": {
                    "type": "aws_security_group",
                    "depends_on": [
                        "aws_vpc.my-vpc"
                    ],
                    "primary": {
                        "id": "sg-039fa0190d53ac2bf",
                        "attributes": {
                            "arn": "arn:aws:ec2:us-east-1:762215752244:security-group/sg-039fa0190d53ac2bf",
                            "description": "Managed by Terraform",
                            "egress.#": "1",
                            "egress.482069346.cidr_blocks.#": "1",
                            "egress.482069346.cidr_blocks.0": "0.0.0.0/0",
                            "egress.482069346.description": "",
                            "egress.482069346.from_port": "0",
                            "egress.482069346.ipv6_cidr_blocks.#": "0",
                            "egress.482069346.prefix_list_ids.#": "0",
                            "egress.482069346.protocol": "-1",
                            "egress.482069346.security_groups.#": "0",
                            "egress.482069346.self": "false",
                            "egress.482069346.to_port": "0",
                            "id": "sg-039fa0190d53ac2bf",
                            "ingress.#": "1",
                            "ingress.2214680975.cidr_blocks.#": "1",
                            "ingress.2214680975.cidr_blocks.0": "0.0.0.0/0",
                            "ingress.2214680975.description": "",
                            "ingress.2214680975.from_port": "80",
                            "ingress.2214680975.ipv6_cidr_blocks.#": "0",
                            "ingress.2214680975.prefix_list_ids.#": "0",
                            "ingress.2214680975.protocol": "tcp",
                            "ingress.2214680975.security_groups.#": "0",
                            "ingress.2214680975.self": "false",
                            "ingress.2214680975.to_port": "80",
                            "name": "allow-http",
                            "owner_id": "762215752244",
                            "revoke_rules_on_delete": "false",
                            "tags.%": "1",
                            "tags.name": "allow-ssh",
                            "vpc_id": "vpc-0b632be1e47deb767"
                        },
                        "meta": {
                            "e2bfb730-ecaa-11e6-8f88-34363bc7c4c0": {
                                "create": 600000000000,
                                "delete": 600000000000
                            },
                            "schema_version": "1"
                        },
                        "tainted": false
                    },
                    "deposed": [],
                    "provider": "provider.aws"
                },
                "aws_security_group.allow-ssh": {
                    "type": "aws_security_group",
                    "depends_on": [
                        "aws_vpc.my-vpc"
                    ],
                    "primary": {
                        "id": "sg-0d35a334785c7dcdd",
                        "attributes": {
                            "arn": "arn:aws:ec2:us-east-1:762215752244:security-group/sg-0d35a334785c7dcdd",
                            "description": "Managed by Terraform",
                            "egress.#": "1",
                            "egress.482069346.cidr_blocks.#": "1",
                            "egress.482069346.cidr_blocks.0": "0.0.0.0/0",
                            "egress.482069346.description": "",
                            "egress.482069346.from_port": "0",
                            "egress.482069346.ipv6_cidr_blocks.#": "0",
                            "egress.482069346.prefix_list_ids.#": "0",
                            "egress.482069346.protocol": "-1",
                            "egress.482069346.security_groups.#": "0",
                            "egress.482069346.self": "false",
                            "egress.482069346.to_port": "0",
                            "id": "sg-0d35a334785c7dcdd",
                            "ingress.#": "1",
                            "ingress.2541437006.cidr_blocks.#": "1",
                            "ingress.2541437006.cidr_blocks.0": "0.0.0.0/0",
                            "ingress.2541437006.description": "",
                            "ingress.2541437006.from_port": "22",
                            "ingress.2541437006.ipv6_cidr_blocks.#": "0",
                            "ingress.2541437006.prefix_list_ids.#": "0",
                            "ingress.2541437006.protocol": "tcp",
                            "ingress.2541437006.security_groups.#": "0",
                            "ingress.2541437006.self": "false",
                            "ingress.2541437006.to_port": "22",
                            "name": "allow-ssh",
                            "owner_id": "762215752244",
                            "revoke_rules_on_delete": "false",
                            "tags.%": "1",
                            "tags.name": "allow-ssh",
                            "vpc_id": "vpc-0b632be1e47deb767"
                        },
                        "meta": {
                            "e2bfb730-ecaa-11e6-8f88-34363bc7c4c0": {
                                "create": 600000000000,
                                "delete": 600000000000
                            },
                            "schema_version": "1"
                        },
                        "tainted": false
                    },
                    "deposed": [],
                    "provider": "provider.aws"
                },
                "aws_subnet.my-public-subnet": {
                    "type": "aws_subnet",
                    "depends_on": [
                        "aws_vpc.my-vpc"
                    ],
                    "primary": {
                        "id": "subnet-04e9ac6b4c29e8190",
                        "attributes": {
                            "arn": "arn:aws:ec2:us-east-1:762215752244:subnet/subnet-04e9ac6b4c29e8190",
                            "assign_ipv6_address_on_creation": "false",
                            "availability_zone": "us-east-1a",
                            "availability_zone_id": "use1-az1",
                            "cidr_block": "10.0.1.0/24",
                            "id": "subnet-04e9ac6b4c29e8190",
                            "ipv6_cidr_block": "",
                            "ipv6_cidr_block_association_id": "",
                            "map_public_ip_on_launch": "true",
                            "owner_id": "762215752244",
                            "tags.%": "0",
                            "vpc_id": "vpc-0b632be1e47deb767"
                        },
                        "meta": {
                            "e2bfb730-ecaa-11e6-8f88-34363bc7c4c0": {
                                "create": 600000000000,
                                "delete": 600000000000
                            },
                            "schema_version": "1"
                        },
                        "tainted": false
                    },
                    "deposed": [],
                    "provider": "provider.aws"
                },
                "aws_vpc.my-vpc": {
                    "type": "aws_vpc",
                    "depends_on": [],
                    "primary": {
                        "id": "vpc-0b632be1e47deb767",
                        "attributes": {
                            "arn": "arn:aws:ec2:us-east-1:762215752244:vpc/vpc-0b632be1e47deb767",
                            "assign_generated_ipv6_cidr_block": "false",
                            "cidr_block": "10.0.0.0/16",
                            "default_network_acl_id": "acl-02fd5c084f0c6f01e",
                            "default_route_table_id": "rtb-03516efb02282a365",
                            "default_security_group_id": "sg-00826512232970d62",
                            "dhcp_options_id": "dopt-70c09c0b",
                            "enable_classiclink": "false",
                            "enable_classiclink_dns_support": "false",
                            "enable_dns_hostnames": "true",
                            "enable_dns_support": "true",
                            "id": "vpc-0b632be1e47deb767",
                            "instance_tenancy": "default",
                            "ipv6_association_id": "",
                            "ipv6_cidr_block": "",
                            "main_route_table_id": "rtb-03516efb02282a365",
                            "owner_id": "762215752244",
                            "tags.%": "0"
                        },
                        "meta": {
                            "schema_version": "1"
                        },
                        "tainted": false
                    },
                    "deposed": [],
                    "provider": "provider.aws"
                }
            },
            "depends_on": []
        }
    ]
}
