{
    "version": 3,
    "terraform_version": "0.11.13",
    "serial": 12,
    "lineage": "fd04753d-e84a-160e-53f0-78e58fccfb45",
    "modules": [
        {
            "path": [
                "root"
            ],
            "outputs": {},
            "resources": {
                "aws_instance.my-ec2": {
                    "type": "aws_instance",
                    "depends_on": [
                        "aws_key_pair.mykeypair",
                        "aws_security_group.allow-http",
                        "aws_security_group.allow-ssh"
                    ],
                    "primary": {
                        "id": "i-02138eef17a1566ec",
                        "attributes": {
                            "ami": "ami-0a313d6098716f372",
                            "arn": "arn:aws:ec2:us-east-1:762215752244:instance/i-02138eef17a1566ec",
                            "associate_public_ip_address": "true",
                            "availability_zone": "us-east-1d",
                            "cpu_core_count": "1",
                            "cpu_threads_per_core": "1",
                            "credit_specification.#": "1",
                            "credit_specification.0.cpu_credits": "standard",
                            "disable_api_termination": "false",
                            "ebs_block_device.#": "0",
                            "ebs_optimized": "false",
                            "ephemeral_block_device.#": "0",
                            "get_password_data": "false",
                            "iam_instance_profile": "",
                            "id": "i-02138eef17a1566ec",
                            "instance_state": "running",
                            "instance_type": "t2.micro",
                            "ipv6_addresses.#": "0",
                            "key_name": "terraform-20190320011905935600000001",
                            "monitoring": "false",
                            "network_interface.#": "0",
                            "password_data": "",
                            "placement_group": "",
                            "primary_network_interface_id": "eni-0afef1f1db050a744",
                            "private_dns": "ip-172-31-40-62.ec2.internal",
                            "private_ip": "172.31.40.62",
                            "public_dns": "ec2-54-196-16-241.compute-1.amazonaws.com",
                            "public_ip": "54.196.16.241",
                            "root_block_device.#": "1",
                            "root_block_device.0.delete_on_termination": "true",
                            "root_block_device.0.iops": "100",
                            "root_block_device.0.volume_id": "vol-07168ce1122f466a3",
                            "root_block_device.0.volume_size": "8",
                            "root_block_device.0.volume_type": "gp2",
                            "security_groups.#": "2",
                            "security_groups.2542268873": "allow-ssh",
                            "security_groups.67696658": "allow-http",
                            "source_dest_check": "true",
                            "subnet_id": "subnet-9e4221c2",
                            "tags.%": "1",
                            "tags.creted_by": "terraform",
                            "tenancy": "default",
                            "volume_tags.%": "0",
                            "vpc_security_group_ids.#": "2",
                            "vpc_security_group_ids.1149973490": "sg-0a75884554bd842b9",
                            "vpc_security_group_ids.1988297500": "sg-08ff7cc34cae0532b"
                        },
                        "meta": {
                            "e2bfb730-ecaa-11e6-8f88-34363bc7c4c0": {
                                "create": 600000000000,
                                "delete": 1200000000000,
                                "update": 600000000000
                            },
                            "schema_version": "1"
                        },
                        "tainted": false
                    },
                    "deposed": [],
                    "provider": "provider.aws"
                },
                "aws_key_pair.mykeypair": {
                    "type": "aws_key_pair",
                    "depends_on": [],
                    "primary": {
                        "id": "terraform-20190320011905935600000001",
                        "attributes": {
                            "fingerprint": "3d:37:41:11:a0:ba:65:ca:16:ff:8c:e9:f3:a4:f1:29",
                            "id": "terraform-20190320011905935600000001",
                            "key_name": "terraform-20190320011905935600000001",
                            "public_key": "ssh-rsa AAAAB3NzaC1yc2EAAAADAQABAAABAQC0K3QwTn3lJBIWC5Vgw1Ei7cY6NxZ92EVTv4f/enr7cQbkVZHfmNLL5OOLxQnu/yhe1n5xzJsks4866EQNQzzmkOblHJKKqjnLwlMK+LnF2wAz+SW+LofyrZZehXvZu/tQTM4wgrLqN5OxzZ9smpNdWn0AEteDcPJrnlRX/lFLQIU6u0BzfGCLHLMbLfktUrhWGTjDeW2tJbyUhpkYb6rm1YJHrl6skLMqLK0K2m2JyKItDyJyrSSunLhlXKZQJdJPmADtZD0AFYVQjKo0tkioWCb/JiILOVFkeJQRqrSdEwb5kb0dpoU9r28nUT3+M40UwZBMMVUOpBFr7y3P8qg1 RRK0728@DFW42RRK082721.local"
                        },
                        "meta": {
                            "schema_version": "1"
                        },
                        "tainted": false
                    },
                    "deposed": [],
                    "provider": "provider.aws"
                },
                "aws_security_group.allow-http": {
                    "type": "aws_security_group",
                    "depends_on": [],
                    "primary": {
                        "id": "sg-08ff7cc34cae0532b",
                        "attributes": {
                            "arn": "arn:aws:ec2:us-east-1:762215752244:security-group/sg-08ff7cc34cae0532b",
                            "description": "Managed by Terraform",
                            "egress.#": "1",
                            "egress.482069346.cidr_blocks.#": "1",
                            "egress.482069346.cidr_blocks.0": "0.0.0.0/0",
                            "egress.482069346.description": "",
                            "egress.482069346.from_port": "0",
                            "egress.482069346.ipv6_cidr_blocks.#": "0",
                            "egress.482069346.prefix_list_ids.#": "0",
                            "egress.482069346.protocol": "-1",
                            "egress.482069346.security_groups.#": "0",
                            "egress.482069346.self": "false",
                            "egress.482069346.to_port": "0",
                            "id": "sg-08ff7cc34cae0532b",
                            "ingress.#": "1",
                            "ingress.2214680975.cidr_blocks.#": "1",
                            "ingress.2214680975.cidr_blocks.0": "0.0.0.0/0",
                            "ingress.2214680975.description": "",
                            "ingress.2214680975.from_port": "80",
                            "ingress.2214680975.ipv6_cidr_blocks.#": "0",
                            "ingress.2214680975.prefix_list_ids.#": "0",
                            "ingress.2214680975.protocol": "tcp",
                            "ingress.2214680975.security_groups.#": "0",
                            "ingress.2214680975.self": "false",
                            "ingress.2214680975.to_port": "80",
                            "name": "allow-http",
                            "owner_id": "762215752244",
                            "revoke_rules_on_delete": "false",
                            "tags.%": "1",
                            "tags.name": "allow-ssh",
                            "vpc_id": "vpc-64f1431e"
                        },
                        "meta": {
                            "e2bfb730-ecaa-11e6-8f88-34363bc7c4c0": {
                                "create": 600000000000,
                                "delete": 600000000000
                            },
                            "schema_version": "1"
                        },
                        "tainted": false
                    },
                    "deposed": [],
                    "provider": "provider.aws"
                },
                "aws_security_group.allow-ssh": {
                    "type": "aws_security_group",
                    "depends_on": [],
                    "primary": {
                        "id": "sg-0a75884554bd842b9",
                        "attributes": {
                            "arn": "arn:aws:ec2:us-east-1:762215752244:security-group/sg-0a75884554bd842b9",
                            "description": "Managed by Terraform",
                            "egress.#": "1",
                            "egress.482069346.cidr_blocks.#": "1",
                            "egress.482069346.cidr_blocks.0": "0.0.0.0/0",
                            "egress.482069346.description": "",
                            "egress.482069346.from_port": "0",
                            "egress.482069346.ipv6_cidr_blocks.#": "0",
                            "egress.482069346.prefix_list_ids.#": "0",
                            "egress.482069346.protocol": "-1",
                            "egress.482069346.security_groups.#": "0",
                            "egress.482069346.self": "false",
                            "egress.482069346.to_port": "0",
                            "id": "sg-0a75884554bd842b9",
                            "ingress.#": "1",
                            "ingress.2541437006.cidr_blocks.#": "1",
                            "ingress.2541437006.cidr_blocks.0": "0.0.0.0/0",
                            "ingress.2541437006.description": "",
                            "ingress.2541437006.from_port": "22",
                            "ingress.2541437006.ipv6_cidr_blocks.#": "0",
                            "ingress.2541437006.prefix_list_ids.#": "0",
                            "ingress.2541437006.protocol": "tcp",
                            "ingress.2541437006.security_groups.#": "0",
                            "ingress.2541437006.self": "false",
                            "ingress.2541437006.to_port": "22",
                            "name": "allow-ssh",
                            "owner_id": "762215752244",
                            "revoke_rules_on_delete": "false",
                            "tags.%": "1",
                            "tags.name": "allow-ssh",
                            "vpc_id": "vpc-64f1431e"
                        },
                        "meta": {
                            "e2bfb730-ecaa-11e6-8f88-34363bc7c4c0": {
                                "create": 600000000000,
                                "delete": 600000000000
                            },
                            "schema_version": "1"
                        },
                        "tainted": false
                    },
                    "deposed": [],
                    "provider": "provider.aws"
                }
            },
            "depends_on": []
        }
    ]
}
